# This file is automatically @generated by Poetry 2.4.1 and should not be changed by hand.

[[package]]
name = "qa-test-library"
version = "0.1.20"
description = "QA test fixture: simple Python library for agent-coder integration tests"
optional = false
python-versions = "^3.11"
groups = ["main"]
files = []
develop = false

[package.source]
type = "git"
url = "https://github.com/L337-ai/qa-test-library.git"
reference = "main"
resolved_reference = "640f9a5d679dc5c5c20c5fc96d6df0eefb3d6b41"

[metadata]
lock-version = "2.1"
python-versions = "^3.11"
content-hash = "9ef68b90c919b42ff72e6813469dcc5791d194d8b33f77dd5b0b7f48c2e990cf"
